// !$*UTF8*$!
{
	archiveVersion = 1;
	classes = {
	};
	objectVersion = 46;
	objects = {

/* Begin PBXBuildFile section */
		90079A0A1E054D4700347DBC /* AppDelegate.swift in Sources */ = {isa = PBXBuildFile; fileRef = 90079A091E054D4700347DBC /* AppDelegate.swift */; };
		90079A0F1E054D4700347DBC /* Main.storyboard in Resources */ = {isa = PBXBuildFile; fileRef = 90079A0D1E054D4700347DBC /* Main.storyboard */; };
		90079A111E054D4700347DBC /* Assets.xcassets in Resources */ = {isa = PBXBuildFile; fileRef = 90079A101E054D4700347DBC /* Assets.xcassets */; };
		90079A141E054D4700347DBC /* LaunchScreen.storyboard in Resources */ = {isa = PBXBuildFile; fileRef = 90079A121E054D4700347DBC /* LaunchScreen.storyboard */; };
		90079A1C1E054DF100347DBC /* FromViewController.swift in Sources */ = {isa = PBXBuildFile; fileRef = 90079A1B1E054DF100347DBC /* FromViewController.swift */; };
		90079A1E1E05503200347DBC /* ToViewController.swift in Sources */ = {isa = PBXBuildFile; fileRef = 90079A1D1E05503200347DBC /* ToViewController.swift */; };
		90079A201E057C7600347DBC /* TransitionProtocol.swift in Sources */ = {isa = PBXBuildFile; fileRef = 90079A1F1E057C7600347DBC /* TransitionProtocol.swift */; };
		90079A221E05808200347DBC /* Transition.swift in Sources */ = {isa = PBXBuildFile; fileRef = 90079A211E05808200347DBC /* Transition.swift */; };
		90079A241E05902200347DBC /* UIImageView+addition.swift in Sources */ = {isa = PBXBuildFile; fileRef = 90079A231E05902200347DBC /* UIImageView+addition.swift */; };
/* End PBXBuildFile section */

/* Begin PBXFileReference section */
		90079A061E054D4700347DBC /* TransitionSample.app */ = {isa = PBXFileReference; explicitFileType = wrapper.application; includeInIndex = 0; path = TransitionSample.app; sourceTree = BUILT_PRODUCTS_DIR; };
		90079A091E054D4700347DBC /* AppDelegate.swift */ = {isa = PBXFileReference; lastKnownFileType = sourcecode.swift; path = AppDelegate.swift; sourceTree = "<group>"; };
		90079A0E1E054D4700347DBC /* Base */ = {isa = PBXFileReference; lastKnownFileType = file.storyboard; name = Base; path = Base.lproj/Main.storyboard; sourceTree = "<group>"; };
		90079A101E054D4700347DBC /* Assets.xcassets */ = {isa = PBXFileReference; lastKnownFileType = folder.assetcatalog; path = Assets.xcassets; sourceTree = "<group>"; };
		90079A131E054D4700347DBC /* Base */ = {isa = PBXFileReference; lastKnownFileType = file.storyboard; name = Base; path = Base.lproj/LaunchScreen.storyboard; sourceTree = "<group>"; };
		90079A151E054D4700347DBC /* Info.plist */ = {isa = PBXFileReference; lastKnownFileType = text.plist.xml; path = Info.plist; sourceTree = "<group>"; };
		90079A1B1E054DF100347DBC /* FromViewController.swift */ = {isa = PBXFileReference; fileEncoding = 4; lastKnownFileType = sourcecode.swift; path = FromViewController.swift; sourceTree = "<group>"; };
		90079A1D1E05503200347DBC /* ToViewController.swift */ = {isa = PBXFileReference; fileEncoding = 4; lastKnownFileType = sourcecode.swift; path = ToViewController.swift; sourceTree = "<group>"; };
		90079A1F1E057C7600347DBC /* TransitionProtocol.swift */ = {isa = PBXFileReference; fileEncoding = 4; lastKnownFileType = sourcecode.swift; path = TransitionProtocol.swift; sourceTree = "<group>"; };
		90079A211E05808200347DBC /* Transition.swift */ = {isa = PBXFileReference; fileEncoding = 4; lastKnownFileType = sourcecode.swift; path = Transition.swift; sourceTree = "<group>"; };
		90079A231E05902200347DBC /* UIImageView+addition.swift */ = {isa = PBXFileReference; fileEncoding = 4; lastKnownFileType = sourcecode.swift; path = "UIImageView+addition.swift"; sourceTree = "<group>"; };
/* End PBXFileReference section */

/* Begin PBXFrameworksBuildPhase section */
		90079A031E054D4600347DBC /* Frameworks */ = {
			isa = PBXFrameworksBuildPhase;
			buildActionMask = 2147483647;
			files = (
			);
			runOnlyForDeploymentPostprocessing = 0;
		};
/* End PBXFrameworksBuildPhase section */

/* Begin PBXGroup section */
		900799FD1E054D4600347DBC = {
			isa = PBXGroup;
			children = (
				90079A081E054D4700347DBC /* TransitionSample */,
				90079A071E054D4700347DBC /* Products */,
			);
			sourceTree = "<group>";
		};
		90079A071E054D4700347DBC /* Products */ = {
			isa = PBXGroup;
			children = (
				90079A061E054D4700347DBC /* TransitionSample.app */,
			);
			name = Products;
			sourceTree = "<group>";
		};
		90079A081E054D4700347DBC /* TransitionSample */ = {
			isa = PBXGroup;
			children = (
				90079A091E054D4700347DBC /* AppDelegate.swift */,
				90079A231E05902200347DBC /* UIImageView+addition.swift */,
				90079A1F1E057C7600347DBC /* TransitionProtocol.swift */,
				90079A1B1E054DF100347DBC /* FromViewController.swift */,
				90079A1D1E05503200347DBC /* ToViewController.swift */,
				90079A211E05808200347DBC /* Transition.swift */,
				90079A0D1E054D4700347DBC /* Main.storyboard */,
				90079A101E054D4700347DBC /* Assets.xcassets */,
				90079A121E054D4700347DBC /* LaunchScreen.storyboard */,
				90079A151E054D4700347DBC /* Info.plist */,
			);
			path = TransitionSample;
			sourceTree = "<group>";
		};
/* End PBXGroup section */

/* Begin PBXNativeTarget section */
		90079A051E054D4600347DBC /* TransitionSample */ = {
			isa = PBXNativeTarget;
			buildConfigurationList = 90079A181E054D4700347DBC /* Build configuration list for PBXNativeTarget "TransitionSample" */;
			buildPhases = (
				90079A021E054D4600347DBC /* Sources */,
				90079A031E054D4600347DBC /* Frameworks */,
				90079A041E054D4600347DBC /* Resources */,
			);
			buildRules = (
			);
			dependencies = (
			);
			name = TransitionSample;
			productName = TransitionSample;
			productReference = 90079A061E054D4700347DBC /* TransitionSample.app */;
			productType = "com.apple.product-type.application";
		};
/* End PBXNativeTarget section */

/* Begin PBXProject section */
		900799FE1E054D4600347DBC /* Project object */ = {
			isa = PBXProject;
			attributes = {
				LastSwiftUpdateCheck = 0820;
				LastUpgradeCheck = 0820;
				ORGANIZATIONNAME = mtj;
				TargetAttributes = {
					90079A051E054D4600347DBC = {
						CreatedOnToolsVersion = 8.2;
						DevelopmentTeam = 79Q7G522V8;
						ProvisioningStyle = Automatic;
					};
				};
			};
			buildConfigurationList = 90079A011E054D4600347DBC /* Build configuration list for PBXProject "TransitionSample" */;
			compatibilityVersion = "Xcode 3.2";
			developmentRegion = English;
			hasScannedForEncodings = 0;
			knownRegions = (
				en,
				Base,
			);
			mainGroup = 900799FD1E054D4600347DBC;
			productRefGroup = 90079A071E054D4700347DBC /* Products */;
			projectDirPath = "";
			projectRoot = "";
			targets = (
				90079A051E054D4600347DBC /* TransitionSample */,
			);
		};
/* End PBXProject section */

/* Begin PBXResourcesBuildPhase section */
		90079A041E054D4600347DBC /* Resources */ = {
			isa = PBXResourcesBuildPhase;
			buildActionMask = 2147483647;
			files = (
				90079A141E054D4700347DBC /* LaunchScreen.storyboard in Resources */,
				90079A111E054D4700347DBC /* Assets.xcassets in Resources */,
				90079A0F1E054D4700347DBC /* Main.storyboard in Resources */,
			);
			runOnlyForDeploymentPostprocessing = 0;
		};
/* End PBXResourcesBuildPhase section */

/* Begin PBXSourcesBuildPhase section */
		90079A021E054D4600347DBC /* Sources */ = {
			isa = PBXSourcesBuildPhase;
			buildActionMask = 2147483647;
			files = (
				90079A241E05902200347DBC /* UIImageView+addition.swift in Sources */,
				90079A221E05808200347DBC /* Transition.swift in Sources */,
				90079A1C1E054DF100347DBC /* FromViewController.swift in Sources */,
				90079A201E057C7600347DBC /* TransitionProtocol.swift in Sources */,
				90079A1E1E05503200347DBC /* ToViewController.swift in Sources */,
				90079A0A1E054D4700347DBC /* AppDelegate.swift in Sources */,
			);
			runOnlyForDeploymentPostprocessing = 0;
		};
/* End PBXSourcesBuildPhase section */

/* Begin PBXVariantGroup section */
		90079A0D1E054D4700347DBC /* Main.storyboard */ = {
			isa = PBXVariantGroup;
			children = (
				90079A0E1E054D4700347DBC /* Base */,
			);
			name = Main.storyboard;
			sourceTree = "<group>";
		};
		90079A121E054D4700347DBC /* LaunchScreen.storyboard */ = {
			isa = PBXVariantGroup;
			children = (
				90079A131E054D4700347DBC /* Base */,
			);
			name = LaunchScreen.storyboard;
			sourceTree = "<group>";
		};
/* End PBXVariantGroup section */

/* Begin XCBuildConfiguration section */
		90079A161E054D4700347DBC /* Debug */ = {
			isa = XCBuildConfiguration;
			buildSettings = {
				ALWAYS_SEARCH_USER_PATHS = NO;
				CLANG_ANALYZER_NONNULL = YES;
				CLANG_CXX_LANGUAGE_STANDARD = "gnu++0x";
				CLANG_CXX_LIBRARY = "libc++";
				CLANG_ENABLE_MODULES = YES;
				CLANG_ENABLE_OBJC_ARC = YES;
				CLANG_WARN_BOOL_CONVERSION = YES;
				CLANG_WARN_CONSTANT_CONVERSION = YES;
				CLANG_WARN_DIRECT_OBJC_ISA_USAGE = YES_ERROR;
				CLANG_WARN_DOCUMENTATION_COMMENTS = YES;
				CLANG_WARN_EMPTY_BODY = YES;
				CLANG_WARN_ENUM_CONVERSION = YES;
				CLANG_WARN_INFINITE_RECURSION = YES;
				CLANG_WARN_INT_CONVERSION = YES;
				CLANG_WARN_OBJC_ROOT_CLASS = YES_ERROR;
				CLANG_WARN_SUSPICIOUS_MOVE = YES;
				CLANG_WARN_UNREACHABLE_CODE = YES;
				CLANG_WARN__DUPLICATE_METHOD_MATCH = YES;
				"CODE_SIGN_IDENTITY[sdk=iphoneos*]" = "iPhone Developer";
				COPY_PHASE_STRIP = NO;
				DEBUG_INFORMATION_FORMAT = dwarf;
				ENABLE_STRICT_OBJC_MSGSEND = YES;
				ENABLE_TESTABILITY = YES;
				GCC_C_LANGUAGE_STANDARD = gnu99;
				GCC_DYNAMIC_NO_PIC = NO;
				GCC_NO_COMMON_BLOCKS = YES;
				GCC_OPTIMIZATION_LEVEL = 0;
				GCC_PREPROCESSOR_DEFINITIONS = (
					"DEBUG=1",
					"$(inherited)",
				);
				GCC_WARN_64_TO_32_BIT_CONVERSION = YES;
				GCC_WARN_ABOUT_RETURN_TYPE = YES_ERROR;
				GCC_WARN_UNDECLARED_SELECTOR = YES;
				GCC_WARN_UNINITIALIZED_AUTOS = YES_AGGRESSIVE;
				GCC_WARN_UNUSED_FUNCTION = YES;
				GCC_WARN_UNUSED_VARIABLE = YES;
				IPHONEOS_DEPLOYMENT_TARGET = 10.2;
				MTL_ENABLE_DEBUG_INFO = YES;
				ONLY_ACTIVE_ARCH = YES;
				SDKROOT = iphoneos;
				SWIFT_ACTIVE_COMPILATION_CONDITIONS = DEBUG;
				SWIFT_OPTIMIZATION_LEVEL = "-Onone";
			};
			name = Debug;
		};
		90079A171E054D4700347DBC /* Release */ = {
			isa = XCBuildConfiguration;
			buildSettings = {
				ALWAYS_SEARCH_USER_PATHS = NO;
				CLANG_ANALYZER_NONNULL = YES;
				CLANG_CXX_LANGUAGE_STANDARD = "gnu++0x";
				CLANG_CXX_LIBRARY = "libc++";
				CLANG_ENABLE_MODULES = YES;
				CLANG_ENABLE_OBJC_ARC = YES;
				CLANG_WARN_BOOL_CONVERSION = YES;
				CLANG_WARN_CONSTANT_CONVERSION = YES;
				CLANG_WARN_DIRECT_OBJC_ISA_USAGE = YES_ERROR;
				CLANG_WARN_DOCUMENTATION_COMMENTS = YES;
				CLANG_WARN_EMPTY_BODY = YES;
				CLANG_WARN_ENUM_CONVERSION = YES;
				CLANG_WARN_INFINITE_RECURSION = YES;
				CLANG_WARN_INT_CONVERSION = YES;
				CLANG_WARN_OBJC_ROOT_CLASS = YES_ERROR;
				CLANG_WARN_SUSPICIOUS_MOVE = YES;
				CLANG_WARN_UNREACHABLE_CODE = YES;
				CLANG_WARN__DUPLICATE_METHOD_MATCH = YES;
				"CODE_SIGN_IDENTITY[sdk=iphoneos*]" = "iPhone Developer";
				COPY_PHASE_STRIP = NO;
				DEBUG_INFORMATION_FORMAT = "dwarf-with-dsym";
				ENABLE_NS_ASSERTIONS = NO;
				ENABLE_STRICT_OBJC_MSGSEND = YES;
				GCC_C_LANGUAGE_STANDARD = gnu99;
				GCC_NO_COMMON_BLOCKS = YES;
				GCC_WARN_64_TO_32_BIT_CONVERSION = YES;
				GCC_WARN_ABOUT_RETURN_TYPE = YES_ERROR;
				GCC_WARN_UNDECLARED_SELECTOR = YES;
				GCC_WARN_UNINITIALIZED_AUTOS = YES_AGGRESSIVE;
				GCC_WARN_UNUSED_FUNCTION = YES;
				GCC_WARN_UNUSED_VARIABLE = YES;
				IPHONEOS_DEPLOYMENT_TARGET = 10.2;
				MTL_ENABLE_DEBUG_INFO = NO;
				SDKROOT = iphoneos;
				SWIFT_OPTIMIZATION_LEVEL = "-Owholemodule";
				VALIDATE_PRODUCT = YES;
			};
			name = Release;
		};
		90079A191E054D4700347DBC /* Debug */ = {
			isa = XCBuildConfiguration;
			buildSettings = {
				ASSETCATALOG_COMPILER_APPICON_NAME = AppIcon;
				"CODE_SIGN_IDENTITY[sdk=iphoneos*]" = "iPhone Developer";
				DEVELOPMENT_TEAM = 79Q7G522V8;
				INFOPLIST_FILE = TransitionSample/Info.plist;
				LD_RUNPATH_SEARCH_PATHS = "$(inherited) @executable_path/Frameworks";
				PRODUCT_BUNDLE_IDENTIFIER = JunnosukeMatsumoto.TransitionSample;
				PRODUCT_NAME = "$(TARGET_NAME)";
				SWIFT_VERSION = 3.0;
			};
			name = Debug;
		};
		90079A1A1E054D4700347DBC /* Release */ = {
			isa = XCBuildConfiguration;
			buildSettings = {
				ASSETCATALOG_COMPILER_APPICON_NAME = AppIcon;
				"CODE_SIGN_IDENTITY[sdk=iphoneos*]" = "iPhone Developer";
				DEVELOPMENT_TEAM = 79Q7G522V8;
				INFOPLIST_FILE = TransitionSample/Info.plist;
				LD_RUNPATH_SEARCH_PATHS = "$(inherited) @executable_path/Frameworks";
				PRODUCT_BUNDLE_IDENTIFIER = JunnosukeMatsumoto.TransitionSample;
				PRODUCT_NAME = "$(TARGET_NAME)";
				SWIFT_VERSION = 3.0;
			};
			name = Release;
		};
/* End XCBuildConfiguration section */

/* Begin XCConfigurationList section */
		90079A011E054D4600347DBC /* Build configuration list for PBXProject "TransitionSample" */ = {
			isa = XCConfigurationList;
			buildConfigurations = (
				90079A161E054D4700347DBC /* Debug */,
				90079A171E054D4700347DBC /* Release */,
			);
			defaultConfigurationIsVisible = 0;
			defaultConfigurationName = Release;
		};
		90079A181E054D4700347DBC /* Build configuration list for PBXNativeTarget "TransitionSample" */ = {
			isa = XCConfigurationList;
			buildConfigurations = (
				90079A191E054D4700347DBC /* Debug */,
				90079A1A1E054D4700347DBC /* Release */,
			);
			defaultConfigurationIsVisible = 0;
			defaultConfigurationName = Release;
		};
/* End XCConfigurationList section */
	};
	rootObject = 900799FE1E054D4600347DBC /* Project object */;
}
